<?xml version="1.0" encoding="utf-8"?>
<Project ToolsVersion="4.0" xmlns="http://schemas.microsoft.com/developer/msbuild/2003">
  <ItemGroup>
    <Filter Include="源文件">
      <UniqueIdentifier>{4FC737F1-C7A5-4376-A066-2A32D752A2FF}</UniqueIdentifier>
      <Extensions>cpp;c;cc;cxx;def;odl;idl;hpj;bat;asm;asmx</Extensions>
    </Filter>
    <Filter Include="头文件">
      <UniqueIdentifier>{93995380-89BD-4b04-88EB-625FBE52EBFB}</UniqueIdentifier>
      <Extensions>h;hh;hpp;hxx;hm;inl;inc;ipp;xsd</Extensions>
    </Filter>
    <Filter Include="资源文件">
      <UniqueIdentifier>{67DA6AB6-F800-4c08-8B7A-83BB121AAD01}</UniqueIdentifier>
      <Extensions>rc;ico;cur;bmp;dlg;rc2;rct;bin;rgs;gif;jpg;jpeg;jpe;resx;tiff;tif;png;wav;mfcribbon-ms</Extensions>
    </Filter>
    <Filter Include="3rd">
      <UniqueIdentifier>{e0168ce5-8bfb-4534-9038-f802edbe5ced}</UniqueIdentifier>
    </Filter>
    <Filter Include="资源文件\xmls">
      <UniqueIdentifier>{384ca846-e770-4a8d-a883-8a8fe15e60ff}</UniqueIdentifier>
    </Filter>
    <Filter Include="3rd\miniblink">
      <UniqueIdentifier>{f34fd0cb-c666-4813-b649-845996088933}</UniqueIdentifier>
    </Filter>
    <Filter Include="Common">
      <UniqueIdentifier>{bf97aa16-ac3e-476e-8efb-87e4cc36ab44}</UniqueIdentifier>
    </Filter>
    <Filter Include="Common\String">
      <UniqueIdentifier>{2a6a73ea-4b06-4bc0-9b79-cdb3a97fb87a}</UniqueIdentifier>
    </Filter>
    <Filter Include="Common\Url">
      <UniqueIdentifier>{ab5bb386-9cf1-4cac-9651-ace93dad65dc}</UniqueIdentifier>
    </Filter>
    <Filter Include="源文件\UI">
      <UniqueIdentifier>{bed3b384-ed3f-41b5-96e2-06dd7994d74f}</UniqueIdentifier>
    </Filter>
    <Filter Include="头文件\UI">
      <UniqueIdentifier>{d37f488c-59a4-4f7e-bc69-1450f5972579}</UniqueIdentifier>
    </Filter>
    <Filter Include="头文件\SqliteDB">
      <UniqueIdentifier>{2f150f53-be93-4b15-a6c4-7691612b4dcf}</UniqueIdentifier>
    </Filter>
    <Filter Include="源文件\SqliteDB">
      <UniqueIdentifier>{efc79254-88a0-4ee5-8f7a-3c7163fba5d2}</UniqueIdentifier>
    </Filter>
    <Filter Include="3rd\ThunderOpenSDK">
      <UniqueIdentifier>{51262824-9165-4379-b01d-cd4ced2658be}</UniqueIdentifier>
    </Filter>
    <Filter Include="Common\FileManager">
      <UniqueIdentifier>{ba1fed6a-14ba-4176-8ad0-87a7950e44ec}</UniqueIdentifier>
    </Filter>
    <Filter Include="Common\Json">
      <UniqueIdentifier>{44a7a867-ff44-4fc9-9faf-82ce55297df5}</UniqueIdentifier>
    </Filter>
    <Filter Include="Common\Json\head">
      <UniqueIdentifier>{0129c8ee-2758-4cda-8ed7-94cd5ce18933}</UniqueIdentifier>
    </Filter>
    <Filter Include="Common\Json\src">
      <UniqueIdentifier>{15dcacee-f1a2-4e4e-b5aa-1041809d781f}</UniqueIdentifier>
    </Filter>
  </ItemGroup>
  <ItemGroup>
    <ClInclude Include="Helpers.h">
      <Filter>头文件</Filter>
    </ClInclude>
    <ClInclude Include="MainWnd.h">
      <Filter>头文件</Filter>
    </ClInclude>
    <ClInclude Include="resource.h">
      <Filter>头文件</Filter>
    </ClInclude>
    <ClInclude Include="StdAfx.h">
      <Filter>头文件</Filter>
    </ClInclude>
    <ClInclude Include="targetver.h">
      <Filter>头文件</Filter>
    </ClInclude>
    <ClInclude Include="TroyControls.h">
      <Filter>头文件</Filter>
    </ClInclude>
    <ClInclude Include="WkeWebkit.h">
      <Filter>头文件</Filter>
    </ClInclude>
    <ClInclude Include="..\3rd\miniblink\wke.h">
      <Filter>3rd\miniblink</Filter>
    </ClInclude>
    <ClInclude Include="..\Common\String\NSString.h">
      <Filter>Common\String</Filter>
    </ClInclude>
    <ClInclude Include="..\Common\Url\Url.h">
      <Filter>Common\Url</Filter>
    </ClInclude>
    <ClInclude Include="Define.h">
      <Filter>头文件</Filter>
    </ClInclude>
    <ClInclude Include="UI\MsgWnd.h">
      <Filter>头文件\UI</Filter>
    </ClInclude>
    <ClInclude Include="SqliteDB\SqliteDB.h">
      <Filter>头文件\SqliteDB</Filter>
    </ClInclude>
    <ClInclude Include="UI\MiniControls.h">
      <Filter>头文件\UI</Filter>
    </ClInclude>
    <ClInclude Include="UI\DownloadWnd.h">
      <Filter>头文件\UI</Filter>
    </ClInclude>
    <ClInclude Include="..\3rd\ThunderOpenSDK\xldl.h">
      <Filter>3rd\ThunderOpenSDK</Filter>
    </ClInclude>
    <ClInclude Include="xldownloader.h">
      <Filter>头文件</Filter>
    </ClInclude>
    <ClInclude Include="..\Common\DllLoader.h">
      <Filter>Common</Filter>
    </ClInclude>
    <ClInclude Include="..\Common\FileManager\FileManange.h">
      <Filter>Common\FileManager</Filter>
    </ClInclude>
    <ClInclude Include="Aria2cEngine.h">
      <Filter>头文件</Filter>
    </ClInclude>
    <ClInclude Include="..\Common\Json\Src\json_batchallocator.h">
      <Filter>Common\Json\src</Filter>
    </ClInclude>
    <ClInclude Include="..\Common\Json\Header\autolink.h">
      <Filter>Common\Json\head</Filter>
    </ClInclude>
    <ClInclude Include="..\Common\Json\Header\config.h">
      <Filter>Common\Json\head</Filter>
    </ClInclude>
    <ClInclude Include="..\Common\Json\Header\features.h">
      <Filter>Common\Json\head</Filter>
    </ClInclude>
    <ClInclude Include="..\Common\Json\Header\forwards.h">
      <Filter>Common\Json\head</Filter>
    </ClInclude>
    <ClInclude Include="..\Common\Json\Header\json.h">
      <Filter>Common\Json\head</Filter>
    </ClInclude>
    <ClInclude Include="..\Common\Json\Header\NSJson.h">
      <Filter>Common\Json\head</Filter>
    </ClInclude>
    <ClInclude Include="..\Common\Json\Header\reader.h">
      <Filter>Common\Json\head</Filter>
    </ClInclude>
    <ClInclude Include="..\Common\Json\Header\value.h">
      <Filter>Common\Json\head</Filter>
    </ClInclude>
    <ClInclude Include="..\Common\Json\Header\writer.h">
      <Filter>Common\Json\head</Filter>
    </ClInclude>
    <ClInclude Include="Aria2RPC.h">
      <Filter>头文件</Filter>
    </ClInclude>
  </ItemGroup>
  <ItemGroup>
    <ResourceCompile Include="MiniBlinkBrowser.rc">
      <Filter>资源文件</Filter>
    </ResourceCompile>
  </ItemGroup>
  <ItemGroup>
    <ClCompile Include="MainWnd.cpp">
      <Filter>源文件</Filter>
    </ClCompile>
    <ClCompile Include="StdAfx.cpp">
      <Filter>源文件</Filter>
    </ClCompile>
    <ClCompile Include="WkeDemo.cpp">
      <Filter>源文件</Filter>
    </ClCompile>
    <ClCompile Include="WkeWebkit.cpp">
      <Filter>源文件</Filter>
    </ClCompile>
    <ClCompile Include="..\Common\String\NSString.cpp">
      <Filter>Common\String</Filter>
    </ClCompile>
    <ClCompile Include="..\Common\Url\Url.cpp">
      <Filter>Common\Url</Filter>
    </ClCompile>
    <ClCompile Include="UI\MsgWnd.cpp">
      <Filter>源文件\UI</Filter>
    </ClCompile>
    <ClCompile Include="SqliteDB\SqliteDB.cpp">
      <Filter>源文件\SqliteDB</Filter>
    </ClCompile>
    <ClCompile Include="UI\MiniControls.cpp">
      <Filter>源文件\UI</Filter>
    </ClCompile>
    <ClCompile Include="UI\DownloadWnd.cpp">
      <Filter>源文件\UI</Filter>
    </ClCompile>
    <ClCompile Include="xldownloader.cpp">
      <Filter>源文件</Filter>
    </ClCompile>
    <ClCompile Include="..\Common\FileManager\FileManange.cpp">
      <Filter>Common\FileManager</Filter>
    </ClCompile>
    <ClCompile Include="Aria2cEngine.cpp">
      <Filter>源文件</Filter>
    </ClCompile>
    <ClCompile Include="..\Common\Json\Src\json_reader.cpp">
      <Filter>Common\Json\src</Filter>
    </ClCompile>
    <ClCompile Include="..\Common\Json\Src\json_value.cpp">
      <Filter>Common\Json\src</Filter>
    </ClCompile>
    <ClCompile Include="..\Common\Json\Src\json_writer.cpp">
      <Filter>Common\Json\src</Filter>
    </ClCompile>
    <ClCompile Include="..\Common\Json\Src\NSJson.cpp">
      <Filter>Common\Json\src</Filter>
    </ClCompile>
    <ClCompile Include="Aria2RPC.cpp">
      <Filter>源文件</Filter>
    </ClCompile>
  </ItemGroup>
  <ItemGroup>
    <Xml Include="..\bin\Skin\main.xml">
      <Filter>资源文件\xmls</Filter>
    </Xml>
    <Xml Include="..\bin\Skin\res.xml">
      <Filter>资源文件\xmls</Filter>
    </Xml>
    <Xml Include="..\bin\Skin\browser.xml">
      <Filter>资源文件\xmls</Filter>
    </Xml>
    <Xml Include="..\bin\Skin\MsgBox.xml">
      <Filter>资源文件\xmls</Filter>
    </Xml>
    <Xml Include="..\bin\Skin\Default.xml">
      <Filter>资源文件\xmls</Filter>
    </Xml>
    <Xml Include="..\bin\Skin\Font.xml">
      <Filter>资源文件\xmls</Filter>
    </Xml>
    <Xml Include="..\bin\Skin\DownloadFrame.xml">
      <Filter>资源文件\xmls</Filter>
    </Xml>
    <Xml Include="..\bin\Skin\downitem.xml">
      <Filter>资源文件\xmls</Filter>
    </Xml>
  </ItemGroup>
  <ItemGroup>
    <Image Include="Res\MiniBlinkBrowser.ico">
      <Filter>资源文件</Filter>
    </Image>
  </ItemGroup>
  <ItemGroup>
    <None Include="..\Common\Json\Src\sconscript">
      <Filter>Common\Json\src</Filter>
    </None>
    <None Include="..\Common\Json\Src\json_internalarray.inl">
      <Filter>Common\Json\src</Filter>
    </None>
    <None Include="..\Common\Json\Src\json_internalmap.inl">
      <Filter>Common\Json\src</Filter>
    </None>
    <None Include="..\Common\Json\Src\json_valueiterator.inl">
      <Filter>Common\Json\src</Filter>
    </None>
  </ItemGroup>
</Project>